
Microsoft Visual Studio Solution File, Format Version 12.00
# Visual Studio Version 16
VisualStudioVersion = 16.0.31424.327
MinimumVisualStudioVersion = 10.0.40219.1
Project("{9A19103F-16F7-4668-BE54-9A1E7A4F7556}") = "PostCovidBooking", "PostCovidBooking\PostCovidBooking.csproj", "{A69781DC-2134-4473-8777-C1706BCB7B9A}"
EndProject
Project("{9A19103F-16F7-4668-BE54-9A1E7A4F7556}") = "PostCovidBooking.Core", "PostCovidBooking.Core\PostCovidBooking.Core.csproj", "{01EAD362-66AF-472F-B624-09E3F09C551B}"
EndProject
Project("{9A19103F-16F7-4668-BE54-9A1E7A4F7556}") = "PostCovidBooking.Data", "PostCovidBooking.Data\PostCovidBooking.Data.csproj", "{26BEB9C6-30CF-436C-AC8F-43F87CE6D77B}"
EndProject
Project("{9A19103F-16F7-4668-BE54-9A1E7A4F7556}") = "PostCovidBooking.Infraestructure", "PostCovidBooking.Infraestructure\PostCovidBooking.Infraestructure.csproj", "{E0999DF9-4F8C-4F10-8808-8B545E47710E}"
EndProject
Project("{FAE04EC0-301F-11D3-BF4B-00C04F79EFBC}") = "PostCovidBooking.Test", "PostCovidBooking.Test\PostCovidBooking.Test.csproj", "{CF411F02-19DD-40D9-B5BE-C31780DA2E52}"
EndProject
Global
	GlobalSection(SolutionConfigurationPlatforms) = preSolution
		Debug|Any CPU = Debug|Any CPU
		Release|Any CPU = Release|Any CPU
	EndGlobalSection
	GlobalSection(ProjectConfigurationPlatforms) = postSolution
		{A69781DC-2134-4473-8777-C1706BCB7B9A}.Debug|Any CPU.ActiveCfg = Debug|Any CPU
		{A69781DC-2134-4473-8777-C1706BCB7B9A}.Debug|Any CPU.Build.0 = Debug|Any CPU
		{A69781DC-2134-4473-8777-C1706BCB7B9A}.Release|Any CPU.ActiveCfg = Release|Any CPU
		{A69781DC-2134-4473-8777-C1706BCB7B9A}.Release|Any CPU.Build.0 = Release|Any CPU
		{01EAD362-66AF-472F-B624-09E3F09C551B}.Debug|Any CPU.ActiveCfg = Debug|Any CPU
		{01EAD362-66AF-472F-B624-09E3F09C551B}.Debug|Any CPU.Build.0 = Debug|Any CPU
		{01EAD362-66AF-472F-B624-09E3F09C551B}.Release|Any CPU.ActiveCfg = Release|Any CPU
		{01EAD362-66AF-472F-B624-09E3F09C551B}.Release|Any CPU.Build.0 = Release|Any CPU
		{26BEB9C6-30CF-436C-AC8F-43F87CE6D77B}.Debug|Any CPU.ActiveCfg = Debug|Any CPU
		{26BEB9C6-30CF-436C-AC8F-43F87CE6D77B}.Debug|Any CPU.Build.0 = Debug|Any CPU
		{26BEB9C6-30CF-436C-AC8F-43F87CE6D77B}.Release|Any CPU.ActiveCfg = Release|Any CPU
		{26BEB9C6-30CF-436C-AC8F-43F87CE6D77B}.Release|Any CPU.Build.0 = Release|Any CPU
		{E0999DF9-4F8C-4F10-8808-8B545E47710E}.Debug|Any CPU.ActiveCfg = Debug|Any CPU
		{E0999DF9-4F8C-4F10-8808-8B545E47710E}.Debug|Any CPU.Build.0 = Debug|Any CPU
		{E0999DF9-4F8C-4F10-8808-8B545E47710E}.Release|Any CPU.ActiveCfg = Release|Any CPU
		{E0999DF9-4F8C-4F10-8808-8B545E47710E}.Release|Any CPU.Build.0 = Release|Any CPU
		{CF411F02-19DD-40D9-B5BE-C31780DA2E52}.Debug|Any CPU.ActiveCfg = Debug|Any CPU
		{CF411F02-19DD-40D9-B5BE-C31780DA2E52}.Debug|Any CPU.Build.0 = Debug|Any CPU
		{CF411F02-19DD-40D9-B5BE-C31780DA2E52}.Release|Any CPU.ActiveCfg = Release|Any CPU
		{CF411F02-19DD-40D9-B5BE-C31780DA2E52}.Release|Any CPU.Build.0 = Release|Any CPU
	EndGlobalSection
	GlobalSection(SolutionProperties) = preSolution
		HideSolutionNode = FALSE
	EndGlobalSection
	GlobalSection(ExtensibilityGlobals) = postSolution
		SolutionGuid = {587C7E39-85AF-4BB8-8D1E-C7D337514B1F}
	EndGlobalSection
EndGlobal
